PODS:
  - BFRImageViewer (1.2.3):
    - PINRemoteImage (~> 3.0.0-beta.12)
  - FLAnimatedImage (1.0.12)
  - iOSSnapshotTestCase (4.0.1):
    - iOSSnapshotTestCase/SwiftSupport (= 4.0.1)
  - iOSSnapshotTestCase/Core (4.0.1)
  - iOSSnapshotTestCase/SwiftSupport (4.0.1):
    - iOSSnapshotTestCase/Core
  - MyTBAKit (1.0.0-LOCAL):
    - TBAOperation
  - MyTBAKit/Tests (1.0.0-LOCAL):
    - MyTBAKitTesting
    - TBAOperation
  - MyTBAKitTesting (1.0.0-LOCAL):
    - MyTBAKit
    - TBATestingMocks
  - PINCache (3.0.1-beta.6):
    - PINCache/Arc-exception-safe (= 3.0.1-beta.6)
    - PINCache/Core (= 3.0.1-beta.6)
  - PINCache/Arc-exception-safe (3.0.1-beta.6):
    - PINCache/Core
  - PINCache/Core (3.0.1-beta.6):
    - PINOperation (~> 1.1.0)
  - PINOperation (1.1.1)
  - PINRemoteImage (3.0.0-beta.13):
    - PINRemoteImage/FLAnimatedImage (= 3.0.0-beta.13)
    - PINRemoteImage/PINCache (= 3.0.0-beta.13)
  - PINRemoteImage/Core (3.0.0-beta.13):
    - PINOperation
  - PINRemoteImage/FLAnimatedImage (3.0.0-beta.13):
    - FLAnimatedImage (>= 1.0)
    - PINRemoteImage/Core
  - PINRemoteImage/PINCache (3.0.0-beta.13):
    - PINCache (= 3.0.1-beta.6)
    - PINRemoteImage/Core
  - PureLayout (3.1.4)
  - TBAKit (1.0.0-LOCAL):
    - TBAOperation
  - TBAKit/Tests (1.0.0-LOCAL):
    - TBAKitTesting
    - TBAOperation
  - TBAKitTesting (1.0.0-LOCAL):
    - TBAKit
    - TBATestingMocks
  - TBAOperation (1.0.0-LOCAL)
  - TBAOperation/Tests (1.0.0-LOCAL):
    - TBAOperationTesting
  - TBAOperationTesting (1.0.0-LOCAL):
    - TBAOperation
  - TBATestingMocks (1.0.0-LOCAL)
  - XCDYouTubeKit (2.7.4)
  - Zip (1.1.0)

DEPENDENCIES:
  - BFRImageViewer
  - iOSSnapshotTestCase (= 4.0.1)
  - MyTBAKit (from `Frameworks/MyTBAKit`)
  - MyTBAKit/Tests (from `Frameworks/MyTBAKit`)
  - MyTBAKitTesting (from `Frameworks/MyTBAKit`)
  - PINRemoteImage (= 3.0.0-beta.13)
  - PureLayout
  - TBAKit (from `Frameworks/TBAKit`)
  - TBAKit/Tests (from `Frameworks/TBAKit`)
  - TBAKitTesting (from `Frameworks/TBAKit`)
  - TBAOperation (from `Frameworks/TBAOperation`)
  - TBAOperation/Tests (from `Frameworks/TBAOperation`)
  - TBAOperationTesting (from `Frameworks/TBAOperation`)
  - TBATestingMocks (from `Frameworks/TBATestingMocks`)
  - XCDYouTubeKit (~> 2.7)
  - Zip (~> 1.1)

SPEC REPOS:
  https://github.com/cocoapods/specs.git:
    - BFRImageViewer
    - FLAnimatedImage
    - iOSSnapshotTestCase
    - PINCache
    - PINOperation
    - PINRemoteImage
    - PureLayout
    - XCDYouTubeKit
    - Zip

EXTERNAL SOURCES:
  MyTBAKit:
    :path: Frameworks/MyTBAKit
  MyTBAKitTesting:
    :path: Frameworks/MyTBAKit
  TBAKit:
    :path: Frameworks/TBAKit
  TBAKitTesting:
    :path: Frameworks/TBAKit
  TBAOperation:
    :path: Frameworks/TBAOperation
  TBAOperationTesting:
    :path: Frameworks/TBAOperation
  TBATestingMocks:
    :path: Frameworks/TBATestingMocks

SPEC CHECKSUMS:
  BFRImageViewer: 647b91e4c9956d1ffc66245614aca22f10b0d370
  FLAnimatedImage: 4a0b56255d9b05f18b6dd7ee06871be5d3b89e31
  iOSSnapshotTestCase: f3b2b7e606fe03fdbe49af84316bd235df32dc44
  MyTBAKit: 1887c15fe95766021aab1fb636d2b6d013ace78b
  MyTBAKitTesting: 542474dedc456a027c6870bd7c5dd9dff0a52038
  PINCache: d195fdba255283f7e9900a55e3cced377f431f9b
  PINOperation: a6219e6fc9db9c269eb7a7b871ac193bcf400aac
  PINRemoteImage: d6d51c5d2adda55f1ce30c96e850b6c4ebd2856a
  PureLayout: f08c01b8dec00bb14a1fefa3de4c7d9c265df85e
  TBAKit: ae37dcd3daa052ffd1dcf6d2fe5c982d1ea26a5e
  TBAKitTesting: 09caf1efd2561d641efd4de3d4fd29e9bdc9f54a
  TBAOperation: f325b9e11d51bb2fe1dc239aedc38ea08084c513
  TBAOperationTesting: 10bb381e70cc25107e44d4ff3801cedee520c99e
  TBATestingMocks: 842b4e8ed857c19c40bc1033cbec862138f0120a
  XCDYouTubeKit: a38534160e092d87c8ea983a8d92939020501551
  Zip: 8877eede3dda76bcac281225c20e71c25270774c

PODFILE CHECKSUM: 155e80ebea2e6e29bbdc1250a2ae750bada02028

COCOAPODS: 1.7.1
